
Microsoft Visual Studio Solution File, Format Version 12.00
# Visual Studio Version 17
VisualStudioVersion = 17.13.35828.75
MinimumVisualStudioVersion = 10.0.40219.1
Project("{FAE04EC0-301F-11D3-BF4B-00C04F79EFBC}") = "MyWebApplication", "MyWebApplication.csproj", "{DC018A31-BDC8-5348-39D4-45E3A0013F3B}"
EndProject
Global
	GlobalSection(SolutionConfigurationPlatforms) = preSolution
		Debug|Any CPU = Debug|Any CPU
		Release|Any CPU = Release|Any CPU
	EndGlobalSection
	GlobalSection(ProjectConfigurationPlatforms) = postSolution
		{DC018A31-BDC8-5348-39D4-45E3A0013F3B}.Debug|Any CPU.ActiveCfg = Debug|Any CPU
		{DC018A31-BDC8-5348-39D4-45E3A0013F3B}.Debug|Any CPU.Build.0 = Debug|Any CPU
		{DC018A31-BDC8-5348-39D4-45E3A0013F3B}.Release|Any CPU.ActiveCfg = Release|Any CPU
		{DC018A31-BDC8-5348-39D4-45E3A0013F3B}.Release|Any CPU.Build.0 = Release|Any CPU
	EndGlobalSection
	GlobalSection(SolutionProperties) = preSolution
		HideSolutionNode = FALSE
	EndGlobalSection
	GlobalSection(ExtensibilityGlobals) = postSolution
		SolutionGuid = {510CB9E4-7C2D-4AE6-9FED-FFA5DA98935C}
	EndGlobalSection
EndGlobal
